
Microsoft Visual Studio Solution File, Format Version 12.00
# Visual Studio 15
VisualStudioVersion = 15.0.28307.271
MinimumVisualStudioVersion = 10.0.40219.1
Project("{E24C65DC-7377-472B-9ABA-BC803B73C61A}") = "Lab6", "Lab6\", "{40E165E8-E657-4648-9F37-E162377B29FA}"
	ProjectSection(WebsiteProperties) = preProject
		TargetFrameworkMoniker = ".NETFramework,Version%3Dv4.6.1"
		Debug.AspNetCompiler.VirtualPath = "/localhost_62784"
		Debug.AspNetCompiler.PhysicalPath = "Lab6\"
		Debug.AspNetCompiler.TargetPath = "PrecompiledWeb\localhost_62784\"
		Debug.AspNetCompiler.Updateable = "true"
		Debug.AspNetCompiler.ForceOverwrite = "true"
		Debug.AspNetCompiler.FixedNames = "false"
		Debug.AspNetCompiler.Debug = "True"
		Release.AspNetCompiler.VirtualPath = "/localhost_62784"
		Release.AspNetCompiler.PhysicalPath = "Lab6\"
		Release.AspNetCompiler.TargetPath = "PrecompiledWeb\localhost_62784\"
		Release.AspNetCompiler.Updateable = "true"
		Release.AspNetCompiler.ForceOverwrite = "true"
		Release.AspNetCompiler.FixedNames = "false"
		Release.AspNetCompiler.Debug = "False"
		VWDPort = "62784"
		SlnRelativePath = "Lab6\"
		DefaultWebSiteLanguage = "Visual C#"
	EndProjectSection
EndProject
Global
	GlobalSection(SolutionConfigurationPlatforms) = preSolution
		Debug|Any CPU = Debug|Any CPU
	EndGlobalSection
	GlobalSection(ProjectConfigurationPlatforms) = postSolution
		{40E165E8-E657-4648-9F37-E162377B29FA}.Debug|Any CPU.ActiveCfg = Debug|Any CPU
		{40E165E8-E657-4648-9F37-E162377B29FA}.Debug|Any CPU.Build.0 = Debug|Any CPU
	EndGlobalSection
	GlobalSection(SolutionProperties) = preSolution
		HideSolutionNode = FALSE
	EndGlobalSection
	GlobalSection(ExtensibilityGlobals) = postSolution
		SolutionGuid = {3E08AEA2-E27C-4DFD-90ED-B0976D4A2FC8}
	EndGlobalSection
EndGlobal
